github.com/davecgh/go-spew v1.1.1/go.mod h1:J7Y8YcW2NihsgmVo/mv3lAwl/skON4iLHjSsI+c5H38=
github.com/google/uuid v1.4.0 h1:MtMxsa51/r9yyhkyLsVeVt0B+BGQZzpQiTQ4eHZ8bc4=
github.com/google/uuid v1.4.0/go.mod h1:TIyPZe4MgqvfeYDBFedMoGGpEw/LqOeaOT+nhxU+yHo=
github.com/gorilla/websocket v1.5.1 h1:gmztn0JnHVt9JZquRuzLw3g4wouNVzKL15iLr/zn/QY=
github.com/gorilla/websocket v1.5.1/go.mod h1:x3kM2JMyaluk02fnUJpQuwD2dCS5NDG2ZHL0uE0tcaY=
github.com/konsorten/go-windows-terminal-sequences v1.0.1 h1:mweAR1A6xJ3oS2pRaGiHgQ4OO8tzTaLawm8vnODuwDk=
github.com/konsorten/go-windows-terminal-sequences v1.0.1/go.mod h1:T0+1ngSBFLxvqU3pZ+m/2kptfBszLMUkC4ZK/EgS/cQ=
github.com/nullseed/logruseq v0.0.0-20191022112445-275e5c09bb04 h1:hSWuDm9sY4GY36+muhWNgvEaInuFW86PqBaQklU4fZs=
github.com/nullseed/logruseq v0.0.0-20191022112445-275e5c09bb04/go.mod h1:lHVWuxCDdJ0upO1ff+BGEENEv7cs7bPJKHUbED2hh9E=
github.com/pmezard/go-difflib v1.0.0/go.mod h1:iKH77koFhYxTK1pcRnkKkqfTogsbg7gZNVY4sRDYZ/4=
github.com/sirupsen/logrus v1.4.2 h1:SPIRibHv4MatM3XXNO2BJeFLZwZ2LvZgfQ5+UNI2im4=
github.com/sirupsen/logrus v1.4.2/go.mod h1:tLMulIdttU9McNUspp0xgXVQah82FyeX6MwdIuYE2rE=
github.com/stretchr/objx v0.1.1/go.mod h1:HFkY916IF+rwdDfMAkV7OtwuqBVzrE8GR6GFx+wExME=
github.com/stretchr/testify v1.2.2/go.mod h1:a8OnRcib4nhh0OaRAV+Yts87kKdq0PP7pXfy6kDkUVs=
golang.org/x/net v0.17.0 h1:pVaXccu2ozPjCXewfr1S7xza/zcXTity9cCdXQYSjIM=
golang.org/x/net v0.17.0/go.mod h1:NxSsAGuq816PNPmqtQdLE42eU2Fs7NoRIZrHJAlaCOE=
golang.org/x/sys v0.0.0-20190422165155-953cdadca894/go.mod h1:h1NjWce9XRLGQEsW7wpKNCjG9DtNlClVuFLEZdDNbEs=
golang.org/x/sys v0.13.0 h1:Af8nKPmuFypiUBjVoU9V20FiaFXOcuZI21p0ycVYYGE=
golang.org/x/sys v0.13.0/go.mod h1:oPkhp1MJrh7nUepCBck5+mAzfO9JrbApNNgaTdGDITg=
gopkg.in/Graylog2/go-gelf.v2 v2.0.0-20191017102106-1550ee647df0 h1:Xg23ydYYJLmb9AK3XdcEpplHZd1MpN3X2ZeeMoBClmY=
gopkg.in/Graylog2/go-gelf.v2 v2.0.0-20191017102106-1550ee647df0/go.mod h1:CeDeqW4tj9FrgZXF/dQCWZrBdcZWWBenhJtxLH4On2g=
gopkg.in/check.v1 v0.0.0-20161208181325-20d25e280405/go.mod h1:Co6ibVJAznAaIkqp8huTwlJQCZ016jof/cbN4VW5Yz0=
gopkg.in/yaml.v2 v2.4.0 h1:D8xgwECY7CYvx+Y2n4sBz93Jn9JRvxdiyyo8CTfuKaY=
gopkg.in/yaml.v2 v2.4.0/go.mod h1:RDklbk79AGWmwhnvt/jBztapEOGDOx6ZbXqjP6csGnQ=
